
Microsoft Visual Studio Solution File, Format Version 12.00
# Visual Studio Version 16
VisualStudioVersion = 16.0.31702.278
MinimumVisualStudioVersion = 10.0.40219.1
Project("{FAE04EC0-301F-11D3-BF4B-00C04F79EFBC}") = "pe_project", "pe_project.csproj", "{1531F5DA-3A3C-420B-9DB5-779A6FA160DA}"
EndProject
Project("{FAE04EC0-301F-11D3-BF4B-00C04F79EFBC}") = "UnitTestProject", "..\UnitTestProject\UnitTestProject.csproj", "{84F4F9B4-C107-4841-B9C5-F41C59EBC210}"
EndProject
Global
	GlobalSection(SolutionConfigurationPlatforms) = preSolution
		Debug|Any CPU = Debug|Any CPU
		Release|Any CPU = Release|Any CPU
	EndGlobalSection
	GlobalSection(ProjectConfigurationPlatforms) = postSolution
		{1531F5DA-3A3C-420B-9DB5-779A6FA160DA}.Debug|Any CPU.ActiveCfg = Debug|Any CPU
		{1531F5DA-3A3C-420B-9DB5-779A6FA160DA}.Debug|Any CPU.Build.0 = Debug|Any CPU
		{1531F5DA-3A3C-420B-9DB5-779A6FA160DA}.Release|Any CPU.ActiveCfg = Release|Any CPU
		{1531F5DA-3A3C-420B-9DB5-779A6FA160DA}.Release|Any CPU.Build.0 = Release|Any CPU
		{84F4F9B4-C107-4841-B9C5-F41C59EBC210}.Debug|Any CPU.ActiveCfg = Debug|Any CPU
		{84F4F9B4-C107-4841-B9C5-F41C59EBC210}.Debug|Any CPU.Build.0 = Debug|Any CPU
		{84F4F9B4-C107-4841-B9C5-F41C59EBC210}.Release|Any CPU.ActiveCfg = Release|Any CPU
		{84F4F9B4-C107-4841-B9C5-F41C59EBC210}.Release|Any CPU.Build.0 = Release|Any CPU
	EndGlobalSection
	GlobalSection(SolutionProperties) = preSolution
		HideSolutionNode = FALSE
	EndGlobalSection
	GlobalSection(ExtensibilityGlobals) = postSolution
		SolutionGuid = {901C261D-62C2-459A-84A2-D06C2FCBD01D}
	EndGlobalSection
EndGlobal
